
Microsoft Visual Studio Solution File, Format Version 12.00
# Visual Studio Version 17
VisualStudioVersion = 17.9.34714.143
MinimumVisualStudioVersion = 10.0.40219.1
Project("{FAE04EC0-301F-11D3-BF4B-00C04F79EFBC}") = "전북_1", "전북_1\전북_1.csproj", "{9B3E3BFB-2481-4938-9A09-4A5D471FC127}"
EndProject
Project("{FAE04EC0-301F-11D3-BF4B-00C04F79EFBC}") = "솔루션", "솔루셩\솔루션.csproj", "{B5A84406-CD40-49D7-98D4-F6D7869D95F1}"
EndProject
Global
	GlobalSection(SolutionConfigurationPlatforms) = preSolution
		Debug|Any CPU = Debug|Any CPU
		Release|Any CPU = Release|Any CPU
	EndGlobalSection
	GlobalSection(ProjectConfigurationPlatforms) = postSolution
		{9B3E3BFB-2481-4938-9A09-4A5D471FC127}.Debug|Any CPU.ActiveCfg = Debug|Any CPU
		{9B3E3BFB-2481-4938-9A09-4A5D471FC127}.Debug|Any CPU.Build.0 = Debug|Any CPU
		{9B3E3BFB-2481-4938-9A09-4A5D471FC127}.Release|Any CPU.ActiveCfg = Release|Any CPU
		{9B3E3BFB-2481-4938-9A09-4A5D471FC127}.Release|Any CPU.Build.0 = Release|Any CPU
		{B5A84406-CD40-49D7-98D4-F6D7869D95F1}.Debug|Any CPU.ActiveCfg = Debug|Any CPU
		{B5A84406-CD40-49D7-98D4-F6D7869D95F1}.Debug|Any CPU.Build.0 = Debug|Any CPU
		{B5A84406-CD40-49D7-98D4-F6D7869D95F1}.Release|Any CPU.ActiveCfg = Release|Any CPU
		{B5A84406-CD40-49D7-98D4-F6D7869D95F1}.Release|Any CPU.Build.0 = Release|Any CPU
	EndGlobalSection
	GlobalSection(SolutionProperties) = preSolution
		HideSolutionNode = FALSE
	EndGlobalSection
	GlobalSection(ExtensibilityGlobals) = postSolution
		SolutionGuid = {00DD15D5-E9B5-4B88-A7DB-6364D07430B6}
	EndGlobalSection
EndGlobal
